
Microsoft Visual Studio Solution File, Format Version 12.00
# Visual Studio 2013
VisualStudioVersion = 12.0.21005.1
MinimumVisualStudioVersion = 10.0.40219.1
Project("{FAE04EC0-301F-11D3-BF4B-00C04F79EFBC}") = "Quiron.LojaVirtual.Dominio", "Quiron.LojaVirtual.Dominio\Quiron.LojaVirtual.Dominio.csproj", "{1A1AF658-67F0-46AC-A96B-4A9C3B632E10}"
EndProject
Project("{FAE04EC0-301F-11D3-BF4B-00C04F79EFBC}") = "Quiron.LojaVirtual.Web", "Quiron.LojaVirtual.Web\Quiron.LojaVirtual.Web.csproj", "{008599D8-0388-4455-AFB8-03F98EA17B70}"
EndProject
Project("{FAE04EC0-301F-11D3-BF4B-00C04F79EFBC}") = "Quiron.LojaVirtual.UniTest", "Quiron.LojaVirtual.UniTest\Quiron.LojaVirtual.UniTest.csproj", "{1D5FE6C2-B19E-476F-9EEA-516AB119B607}"
EndProject
Global
	GlobalSection(SolutionConfigurationPlatforms) = preSolution
		Debug|Any CPU = Debug|Any CPU
		Release|Any CPU = Release|Any CPU
	EndGlobalSection
	GlobalSection(ProjectConfigurationPlatforms) = postSolution
		{1A1AF658-67F0-46AC-A96B-4A9C3B632E10}.Debug|Any CPU.ActiveCfg = Debug|Any CPU
		{1A1AF658-67F0-46AC-A96B-4A9C3B632E10}.Debug|Any CPU.Build.0 = Debug|Any CPU
		{1A1AF658-67F0-46AC-A96B-4A9C3B632E10}.Release|Any CPU.ActiveCfg = Release|Any CPU
		{1A1AF658-67F0-46AC-A96B-4A9C3B632E10}.Release|Any CPU.Build.0 = Release|Any CPU
		{008599D8-0388-4455-AFB8-03F98EA17B70}.Debug|Any CPU.ActiveCfg = Debug|Any CPU
		{008599D8-0388-4455-AFB8-03F98EA17B70}.Debug|Any CPU.Build.0 = Debug|Any CPU
		{008599D8-0388-4455-AFB8-03F98EA17B70}.Release|Any CPU.ActiveCfg = Release|Any CPU
		{008599D8-0388-4455-AFB8-03F98EA17B70}.Release|Any CPU.Build.0 = Release|Any CPU
		{1D5FE6C2-B19E-476F-9EEA-516AB119B607}.Debug|Any CPU.ActiveCfg = Debug|Any CPU
		{1D5FE6C2-B19E-476F-9EEA-516AB119B607}.Debug|Any CPU.Build.0 = Debug|Any CPU
		{1D5FE6C2-B19E-476F-9EEA-516AB119B607}.Release|Any CPU.ActiveCfg = Release|Any CPU
		{1D5FE6C2-B19E-476F-9EEA-516AB119B607}.Release|Any CPU.Build.0 = Release|Any CPU
	EndGlobalSection
	GlobalSection(SolutionProperties) = preSolution
		HideSolutionNode = FALSE
	EndGlobalSection
EndGlobal
